// !$*UTF8*$!
{
	archiveVersion = 1;
	classes = {
	};
	objectVersion = 48;
	objects = {

/* Begin PBXBuildFile section */
		98A352BD507FCA8FB7632DB8 /* Pods_TruthOrDare.framework in Frameworks */ = {isa = PBXBuildFile; fileRef = 6FC0EA9BE16538CB1BD91A4A /* Pods_TruthOrDare.framework */; };
		C9255D58202B828D00E2B9E6 /* AppDelegate.swift in Sources */ = {isa = PBXBuildFile; fileRef = C9255D57202B828D00E2B9E6 /* AppDelegate.swift */; };
		C9255D5A202B828D00E2B9E6 /* ViewController.swift in Sources */ = {isa = PBXBuildFile; fileRef = C9255D59202B828D00E2B9E6 /* ViewController.swift */; };
		C9255D5D202B828D00E2B9E6 /* Main.storyboard in Resources */ = {isa = PBXBuildFile; fileRef = C9255D5B202B828D00E2B9E6 /* Main.storyboard */; };
		C9255D5F202B828D00E2B9E6 /* Assets.xcassets in Resources */ = {isa = PBXBuildFile; fileRef = C9255D5E202B828D00E2B9E6 /* Assets.xcassets */; };
		C9255D62202B828D00E2B9E6 /* LaunchScreen.storyboard in Resources */ = {isa = PBXBuildFile; fileRef = C9255D60202B828D00E2B9E6 /* LaunchScreen.storyboard */; };
		C9845FE1202CA1AD00FF4AAD /* GoogleService-Info.plist in Resources */ = {isa = PBXBuildFile; fileRef = C9845FE0202CA1AD00FF4AAD /* GoogleService-Info.plist */; };
/* End PBXBuildFile section */

/* Begin PBXFileReference section */
		440FB2D404C8FC74A70D97E8 /* Pods-TruthOrDare.debug.xcconfig */ = {isa = PBXFileReference; includeInIndex = 1; lastKnownFileType = text.xcconfig; name = "Pods-TruthOrDare.debug.xcconfig"; path = "Pods/Target Support Files/Pods-TruthOrDare/Pods-TruthOrDare.debug.xcconfig"; sourceTree = "<group>"; };
		6FC0EA9BE16538CB1BD91A4A /* Pods_TruthOrDare.framework */ = {isa = PBXFileReference; explicitFileType = wrapper.framework; includeInIndex = 0; path = Pods_TruthOrDare.framework; sourceTree = BUILT_PRODUCTS_DIR; };
		8EE2B1C8DFAECA06906B0769 /* Pods-TruthOrDare.release.xcconfig */ = {isa = PBXFileReference; includeInIndex = 1; lastKnownFileType = text.xcconfig; name = "Pods-TruthOrDare.release.xcconfig"; path = "Pods/Target Support Files/Pods-TruthOrDare/Pods-TruthOrDare.release.xcconfig"; sourceTree = "<group>"; };
		C9255D54202B828D00E2B9E6 /* TruthOrDare.app */ = {isa = PBXFileReference; explicitFileType = wrapper.application; includeInIndex = 0; path = TruthOrDare.app; sourceTree = BUILT_PRODUCTS_DIR; };
		C9255D57202B828D00E2B9E6 /* AppDelegate.swift */ = {isa = PBXFileReference; lastKnownFileType = sourcecode.swift; path = AppDelegate.swift; sourceTree = "<group>"; };
		C9255D59202B828D00E2B9E6 /* ViewController.swift */ = {isa = PBXFileReference; lastKnownFileType = sourcecode.swift; path = ViewController.swift; sourceTree = "<group>"; };
		C9255D5C202B828D00E2B9E6 /* Base */ = {isa = PBXFileReference; lastKnownFileType = file.storyboard; name = Base; path = Base.lproj/Main.storyboard; sourceTree = "<group>"; };
		C9255D5E202B828D00E2B9E6 /* Assets.xcassets */ = {isa = PBXFileReference; lastKnownFileType = folder.assetcatalog; path = Assets.xcassets; sourceTree = "<group>"; };
		C9255D61202B828D00E2B9E6 /* Base */ = {isa = PBXFileReference; lastKnownFileType = file.storyboard; name = Base; path = Base.lproj/LaunchScreen.storyboard; sourceTree = "<group>"; };
		C9255D63202B828D00E2B9E6 /* Info.plist */ = {isa = PBXFileReference; lastKnownFileType = text.plist.xml; path = Info.plist; sourceTree = "<group>"; };
		C9845FE0202CA1AD00FF4AAD /* GoogleService-Info.plist */ = {isa = PBXFileReference; fileEncoding = 4; lastKnownFileType = text.plist.xml; path = "GoogleService-Info.plist"; sourceTree = "<group>"; };
/* End PBXFileReference section */

/* Begin PBXFrameworksBuildPhase section */
		C9255D51202B828D00E2B9E6 /* Frameworks */ = {
			isa = PBXFrameworksBuildPhase;
			buildActionMask = 2147483647;
			files = (
				98A352BD507FCA8FB7632DB8 /* Pods_TruthOrDare.framework in Frameworks */,
			);
			runOnlyForDeploymentPostprocessing = 0;
		};
/* End PBXFrameworksBuildPhase section */

/* Begin PBXGroup section */
		5AB924A06426EBB23D324FA6 /* Frameworks */ = {
			isa = PBXGroup;
			children = (
				6FC0EA9BE16538CB1BD91A4A /* Pods_TruthOrDare.framework */,
			);
			name = Frameworks;
			sourceTree = "<group>";
		};
		C7D5F6235526C79D28BBFA4B /* Pods */ = {
			isa = PBXGroup;
			children = (
				440FB2D404C8FC74A70D97E8 /* Pods-TruthOrDare.debug.xcconfig */,
				8EE2B1C8DFAECA06906B0769 /* Pods-TruthOrDare.release.xcconfig */,
			);
			name = Pods;
			sourceTree = "<group>";
		};
		C9255D4B202B828D00E2B9E6 = {
			isa = PBXGroup;
			children = (
				C9255D56202B828D00E2B9E6 /* TruthOrDare */,
				C9255D55202B828D00E2B9E6 /* Products */,
				C7D5F6235526C79D28BBFA4B /* Pods */,
				5AB924A06426EBB23D324FA6 /* Frameworks */,
			);
			sourceTree = "<group>";
		};
		C9255D55202B828D00E2B9E6 /* Products */ = {
			isa = PBXGroup;
			children = (
				C9255D54202B828D00E2B9E6 /* TruthOrDare.app */,
			);
			name = Products;
			sourceTree = "<group>";
		};
		C9255D56202B828D00E2B9E6 /* TruthOrDare */ = {
			isa = PBXGroup;
			children = (
				C9255D57202B828D00E2B9E6 /* AppDelegate.swift */,
				C9255D59202B828D00E2B9E6 /* ViewController.swift */,
				C9255D5B202B828D00E2B9E6 /* Main.storyboard */,
				C9255D5E202B828D00E2B9E6 /* Assets.xcassets */,
				C9255D60202B828D00E2B9E6 /* LaunchScreen.storyboard */,
				C9255D63202B828D00E2B9E6 /* Info.plist */,
				C9845FE0202CA1AD00FF4AAD /* GoogleService-Info.plist */,
			);
			path = TruthOrDare;
			sourceTree = "<group>";
		};
/* End PBXGroup section */

/* Begin PBXNativeTarget section */
		C9255D53202B828D00E2B9E6 /* TruthOrDare */ = {
			isa = PBXNativeTarget;
			buildConfigurationList = C9255D66202B828D00E2B9E6 /* Build configuration list for PBXNativeTarget "TruthOrDare" */;
			buildPhases = (
				9A9792C7FBDC33635B82D67F /* [CP] Check Pods Manifest.lock */,
				C9255D50202B828D00E2B9E6 /* Sources */,
				C9255D51202B828D00E2B9E6 /* Frameworks */,
				C9255D52202B828D00E2B9E6 /* Resources */,
				2F8ADEC65A4EC2A329BD6F4A /* [CP] Embed Pods Frameworks */,
				36887D9EFC8EF4734D01705C /* [CP] Copy Pods Resources */,
			);
			buildRules = (
			);
			dependencies = (
			);
			name = TruthOrDare;
			productName = TruthOrDare;
			productReference = C9255D54202B828D00E2B9E6 /* TruthOrDare.app */;
			productType = "com.apple.product-type.application";
		};
/* End PBXNativeTarget section */

/* Begin PBXProject section */
		C9255D4C202B828D00E2B9E6 /* Project object */ = {
			isa = PBXProject;
			attributes = {
				LastSwiftUpdateCheck = 0920;
				LastUpgradeCheck = 0920;
				ORGANIZATIONNAME = "Vu Nguyen";
				TargetAttributes = {
					C9255D53202B828D00E2B9E6 = {
						CreatedOnToolsVersion = 9.2;
						ProvisioningStyle = Automatic;
					};
				};
			};
			buildConfigurationList = C9255D4F202B828D00E2B9E6 /* Build configuration list for PBXProject "TruthOrDare" */;
			compatibilityVersion = "Xcode 8.0";
			developmentRegion = en;
			hasScannedForEncodings = 0;
			knownRegions = (
				en,
				Base,
			);
			mainGroup = C9255D4B202B828D00E2B9E6;
			productRefGroup = C9255D55202B828D00E2B9E6 /* Products */;
			projectDirPath = "";
			projectRoot = "";
			targets = (
				C9255D53202B828D00E2B9E6 /* TruthOrDare */,
			);
		};
/* End PBXProject section */

/* Begin PBXResourcesBuildPhase section */
		C9255D52202B828D00E2B9E6 /* Resources */ = {
			isa = PBXResourcesBuildPhase;
			buildActionMask = 2147483647;
			files = (
				C9255D62202B828D00E2B9E6 /* LaunchScreen.storyboard in Resources */,
				C9845FE1202CA1AD00FF4AAD /* GoogleService-Info.plist in Resources */,
				C9255D5F202B828D00E2B9E6 /* Assets.xcassets in Resources */,
				C9255D5D202B828D00E2B9E6 /* Main.storyboard in Resources */,
			);
			runOnlyForDeploymentPostprocessing = 0;
		};
/* End PBXResourcesBuildPhase section */

/* Begin PBXShellScriptBuildPhase section */
		2F8ADEC65A4EC2A329BD6F4A /* [CP] Embed Pods Frameworks */ = {
			isa = PBXShellScriptBuildPhase;
			buildActionMask = 2147483647;
			files = (
			);
			inputPaths = (
				"${SRCROOT}/Pods/Target Support Files/Pods-TruthOrDare/Pods-TruthOrDare-frameworks.sh",
				"${BUILT_PRODUCTS_DIR}/DCKit/DCKit.framework",
				"${BUILT_PRODUCTS_DIR}/GoogleToolboxForMac/GoogleToolboxForMac.framework",
				"${BUILT_PRODUCTS_DIR}/leveldb-library/leveldb.framework",
				"${BUILT_PRODUCTS_DIR}/nanopb/nanopb.framework",
			);
			name = "[CP] Embed Pods Frameworks";
			outputPaths = (
				"${TARGET_BUILD_DIR}/${FRAMEWORKS_FOLDER_PATH}/DCKit.framework",
				"${TARGET_BUILD_DIR}/${FRAMEWORKS_FOLDER_PATH}/GoogleToolboxForMac.framework",
				"${TARGET_BUILD_DIR}/${FRAMEWORKS_FOLDER_PATH}/leveldb.framework",
				"${TARGET_BUILD_DIR}/${FRAMEWORKS_FOLDER_PATH}/nanopb.framework",
			);
			runOnlyForDeploymentPostprocessing = 0;
			shellPath = /bin/sh;
			shellScript = "\"${SRCROOT}/Pods/Target Support Files/Pods-TruthOrDare/Pods-TruthOrDare-frameworks.sh\"\n";
			showEnvVarsInLog = 0;
		};
		36887D9EFC8EF4734D01705C /* [CP] Copy Pods Resources */ = {
			isa = PBXShellScriptBuildPhase;
			buildActionMask = 2147483647;
			files = (
			);
			inputPaths = (
			);
			name = "[CP] Copy Pods Resources";
			outputPaths = (
			);
			runOnlyForDeploymentPostprocessing = 0;
			shellPath = /bin/sh;
			shellScript = "\"${SRCROOT}/Pods/Target Support Files/Pods-TruthOrDare/Pods-TruthOrDare-resources.sh\"\n";
			showEnvVarsInLog = 0;
		};
		9A9792C7FBDC33635B82D67F /* [CP] Check Pods Manifest.lock */ = {
			isa = PBXShellScriptBuildPhase;
			buildActionMask = 2147483647;
			files = (
			);
			inputPaths = (
				"${PODS_PODFILE_DIR_PATH}/Podfile.lock",
				"${PODS_ROOT}/Manifest.lock",
			);
			name = "[CP] Check Pods Manifest.lock";
			outputPaths = (
				"$(DERIVED_FILE_DIR)/Pods-TruthOrDare-checkManifestLockResult.txt",
			);
			runOnlyForDeploymentPostprocessing = 0;
			shellPath = /bin/sh;
			shellScript = "diff \"${PODS_PODFILE_DIR_PATH}/Podfile.lock\" \"${PODS_ROOT}/Manifest.lock\" > /dev/null\nif [ $? != 0 ] ; then\n    # print error to STDERR\n    echo \"error: The sandbox is not in sync with the Podfile.lock. Run 'pod install' or update your CocoaPods installation.\" >&2\n    exit 1\nfi\n# This output is used by Xcode 'outputs' to avoid re-running this script phase.\necho \"SUCCESS\" > \"${SCRIPT_OUTPUT_FILE_0}\"\n";
			showEnvVarsInLog = 0;
		};
/* End PBXShellScriptBuildPhase section */

/* Begin PBXSourcesBuildPhase section */
		C9255D50202B828D00E2B9E6 /* Sources */ = {
			isa = PBXSourcesBuildPhase;
			buildActionMask = 2147483647;
			files = (
				C9255D5A202B828D00E2B9E6 /* ViewController.swift in Sources */,
				C9255D58202B828D00E2B9E6 /* AppDelegate.swift in Sources */,
			);
			runOnlyForDeploymentPostprocessing = 0;
		};
/* End PBXSourcesBuildPhase section */

/* Begin PBXVariantGroup section */
		C9255D5B202B828D00E2B9E6 /* Main.storyboard */ = {
			isa = PBXVariantGroup;
			children = (
				C9255D5C202B828D00E2B9E6 /* Base */,
			);
			name = Main.storyboard;
			sourceTree = "<group>";
		};
		C9255D60202B828D00E2B9E6 /* LaunchScreen.storyboard */ = {
			isa = PBXVariantGroup;
			children = (
				C9255D61202B828D00E2B9E6 /* Base */,
			);
			name = LaunchScreen.storyboard;
			sourceTree = "<group>";
		};
/* End PBXVariantGroup section */

/* Begin XCBuildConfiguration section */
		C9255D64202B828D00E2B9E6 /* Debug */ = {
			isa = XCBuildConfiguration;
			buildSettings = {
				ALWAYS_SEARCH_USER_PATHS = NO;
				CLANG_ANALYZER_NONNULL = YES;
				CLANG_ANALYZER_NUMBER_OBJECT_CONVERSION = YES_AGGRESSIVE;
				CLANG_CXX_LANGUAGE_STANDARD = "gnu++14";
				CLANG_CXX_LIBRARY = "libc++";
				CLANG_ENABLE_MODULES = YES;
				CLANG_ENABLE_OBJC_ARC = YES;
				CLANG_WARN_BLOCK_CAPTURE_AUTORELEASING = YES;
				CLANG_WARN_BOOL_CONVERSION = YES;
				CLANG_WARN_COMMA = YES;
				CLANG_WARN_CONSTANT_CONVERSION = YES;
				CLANG_WARN_DIRECT_OBJC_ISA_USAGE = YES_ERROR;
				CLANG_WARN_DOCUMENTATION_COMMENTS = YES;
				CLANG_WARN_EMPTY_BODY = YES;
				CLANG_WARN_ENUM_CONVERSION = YES;
				CLANG_WARN_INFINITE_RECURSION = YES;
				CLANG_WARN_INT_CONVERSION = YES;
				CLANG_WARN_NON_LITERAL_NULL_CONVERSION = YES;
				CLANG_WARN_OBJC_LITERAL_CONVERSION = YES;
				CLANG_WARN_OBJC_ROOT_CLASS = YES_ERROR;
				CLANG_WARN_RANGE_LOOP_ANALYSIS = YES;
				CLANG_WARN_STRICT_PROTOTYPES = YES;
				CLANG_WARN_SUSPICIOUS_MOVE = YES;
				CLANG_WARN_UNGUARDED_AVAILABILITY = YES_AGGRESSIVE;
				CLANG_WARN_UNREACHABLE_CODE = YES;
				CLANG_WARN__DUPLICATE_METHOD_MATCH = YES;
				CODE_SIGN_IDENTITY = "iPhone Developer";
				COPY_PHASE_STRIP = NO;
				DEBUG_INFORMATION_FORMAT = dwarf;
				ENABLE_STRICT_OBJC_MSGSEND = YES;
				ENABLE_TESTABILITY = YES;
				GCC_C_LANGUAGE_STANDARD = gnu11;
				GCC_DYNAMIC_NO_PIC = NO;
				GCC_NO_COMMON_BLOCKS = YES;
				GCC_OPTIMIZATION_LEVEL = 0;
				GCC_PREPROCESSOR_DEFINITIONS = (
					"DEBUG=1",
					"$(inherited)",
				);
				GCC_WARN_64_TO_32_BIT_CONVERSION = YES;
				GCC_WARN_ABOUT_RETURN_TYPE = YES_ERROR;
				GCC_WARN_UNDECLARED_SELECTOR = YES;
				GCC_WARN_UNINITIALIZED_AUTOS = YES_AGGRESSIVE;
				GCC_WARN_UNUSED_FUNCTION = YES;
				GCC_WARN_UNUSED_VARIABLE = YES;
				IPHONEOS_DEPLOYMENT_TARGET = 11.2;
				MTL_ENABLE_DEBUG_INFO = YES;
				ONLY_ACTIVE_ARCH = YES;
				SDKROOT = iphoneos;
				SWIFT_ACTIVE_COMPILATION_CONDITIONS = DEBUG;
				SWIFT_OPTIMIZATION_LEVEL = "-Onone";
			};
			name = Debug;
		};
		C9255D65202B828D00E2B9E6 /* Release */ = {
			isa = XCBuildConfiguration;
			buildSettings = {
				ALWAYS_SEARCH_USER_PATHS = NO;
				CLANG_ANALYZER_NONNULL = YES;
				CLANG_ANALYZER_NUMBER_OBJECT_CONVERSION = YES_AGGRESSIVE;
				CLANG_CXX_LANGUAGE_STANDARD = "gnu++14";
				CLANG_CXX_LIBRARY = "libc++";
				CLANG_ENABLE_MODULES = YES;
				CLANG_ENABLE_OBJC_ARC = YES;
				CLANG_WARN_BLOCK_CAPTURE_AUTORELEASING = YES;
				CLANG_WARN_BOOL_CONVERSION = YES;
				CLANG_WARN_COMMA = YES;
				CLANG_WARN_CONSTANT_CONVERSION = YES;
				CLANG_WARN_DIRECT_OBJC_ISA_USAGE = YES_ERROR;
				CLANG_WARN_DOCUMENTATION_COMMENTS = YES;
				CLANG_WARN_EMPTY_BODY = YES;
				CLANG_WARN_ENUM_CONVERSION = YES;
				CLANG_WARN_INFINITE_RECURSION = YES;
				CLANG_WARN_INT_CONVERSION = YES;
				CLANG_WARN_NON_LITERAL_NULL_CONVERSION = YES;
				CLANG_WARN_OBJC_LITERAL_CONVERSION = YES;
				CLANG_WARN_OBJC_ROOT_CLASS = YES_ERROR;
				CLANG_WARN_RANGE_LOOP_ANALYSIS = YES;
				CLANG_WARN_STRICT_PROTOTYPES = YES;
				CLANG_WARN_SUSPICIOUS_MOVE = YES;
				CLANG_WARN_UNGUARDED_AVAILABILITY = YES_AGGRESSIVE;
				CLANG_WARN_UNREACHABLE_CODE = YES;
				CLANG_WARN__DUPLICATE_METHOD_MATCH = YES;
				CODE_SIGN_IDENTITY = "iPhone Developer";
				COPY_PHASE_STRIP = NO;
				DEBUG_INFORMATION_FORMAT = "dwarf-with-dsym";
				ENABLE_NS_ASSERTIONS = NO;
				ENABLE_STRICT_OBJC_MSGSEND = YES;
				GCC_C_LANGUAGE_STANDARD = gnu11;
				GCC_NO_COMMON_BLOCKS = YES;
				GCC_WARN_64_TO_32_BIT_CONVERSION = YES;
				GCC_WARN_ABOUT_RETURN_TYPE = YES_ERROR;
				GCC_WARN_UNDECLARED_SELECTOR = YES;
				GCC_WARN_UNINITIALIZED_AUTOS = YES_AGGRESSIVE;
				GCC_WARN_UNUSED_FUNCTION = YES;
				GCC_WARN_UNUSED_VARIABLE = YES;
				IPHONEOS_DEPLOYMENT_TARGET = 11.2;
				MTL_ENABLE_DEBUG_INFO = NO;
				SDKROOT = iphoneos;
				SWIFT_OPTIMIZATION_LEVEL = "-Owholemodule";
				VALIDATE_PRODUCT = YES;
			};
			name = Release;
		};
		C9255D67202B828D00E2B9E6 /* Debug */ = {
			isa = XCBuildConfiguration;
			baseConfigurationReference = 440FB2D404C8FC74A70D97E8 /* Pods-TruthOrDare.debug.xcconfig */;
			buildSettings = {
				ASSETCATALOG_COMPILER_APPICON_NAME = AppIcon;
				CODE_SIGN_STYLE = Automatic;
				DEVELOPMENT_TEAM = TU4M9X6WAN;
				INFOPLIST_FILE = TruthOrDare/Info.plist;
				IPHONEOS_DEPLOYMENT_TARGET = 9.0;
				LD_RUNPATH_SEARCH_PATHS = "$(inherited) @executable_path/Frameworks";
				PRODUCT_BUNDLE_IDENTIFIER = com.Vuvu.TruthOrDare;
				PRODUCT_NAME = "$(TARGET_NAME)";
				SWIFT_VERSION = 4.0;
				TARGETED_DEVICE_FAMILY = "1,2";
			};
			name = Debug;
		};
		C9255D68202B828D00E2B9E6 /* Release */ = {
			isa = XCBuildConfiguration;
			baseConfigurationReference = 8EE2B1C8DFAECA06906B0769 /* Pods-TruthOrDare.release.xcconfig */;
			buildSettings = {
				ASSETCATALOG_COMPILER_APPICON_NAME = AppIcon;
				CODE_SIGN_STYLE = Automatic;
				DEVELOPMENT_TEAM = TU4M9X6WAN;
				INFOPLIST_FILE = TruthOrDare/Info.plist;
				IPHONEOS_DEPLOYMENT_TARGET = 9.0;
				LD_RUNPATH_SEARCH_PATHS = "$(inherited) @executable_path/Frameworks";
				PRODUCT_BUNDLE_IDENTIFIER = com.Vuvu.TruthOrDare;
				PRODUCT_NAME = "$(TARGET_NAME)";
				SWIFT_VERSION = 4.0;
				TARGETED_DEVICE_FAMILY = "1,2";
			};
			name = Release;
		};
/* End XCBuildConfiguration section */

/* Begin XCConfigurationList section */
		C9255D4F202B828D00E2B9E6 /* Build configuration list for PBXProject "TruthOrDare" */ = {
			isa = XCConfigurationList;
			buildConfigurations = (
				C9255D64202B828D00E2B9E6 /* Debug */,
				C9255D65202B828D00E2B9E6 /* Release */,
			);
			defaultConfigurationIsVisible = 0;
			defaultConfigurationName = Release;
		};
		C9255D66202B828D00E2B9E6 /* Build configuration list for PBXNativeTarget "TruthOrDare" */ = {
			isa = XCConfigurationList;
			buildConfigurations = (
				C9255D67202B828D00E2B9E6 /* Debug */,
				C9255D68202B828D00E2B9E6 /* Release */,
			);
			defaultConfigurationIsVisible = 0;
			defaultConfigurationName = Release;
		};
/* End XCConfigurationList section */
	};
	rootObject = C9255D4C202B828D00E2B9E6 /* Project object */;
}
